
Microsoft Visual Studio Solution File, Format Version 12.00
# Visual Studio Version 17
VisualStudioVersion = 17.3.32929.385
MinimumVisualStudioVersion = 10.0.40219.1
Project("{FAE04EC0-301F-11D3-BF4B-00C04F79EFBC}") = "exercice1", "exercice1.csproj", "{4A4437AF-F1D5-4752-8B0A-8C1EB95D73DE}"
EndProject
Global
	GlobalSection(SolutionConfigurationPlatforms) = preSolution
		Debug|Any CPU = Debug|Any CPU
		Release|Any CPU = Release|Any CPU
	EndGlobalSection
	GlobalSection(ProjectConfigurationPlatforms) = postSolution
		{4A4437AF-F1D5-4752-8B0A-8C1EB95D73DE}.Debug|Any CPU.ActiveCfg = Debug|Any CPU
		{4A4437AF-F1D5-4752-8B0A-8C1EB95D73DE}.Debug|Any CPU.Build.0 = Debug|Any CPU
		{4A4437AF-F1D5-4752-8B0A-8C1EB95D73DE}.Release|Any CPU.ActiveCfg = Release|Any CPU
		{4A4437AF-F1D5-4752-8B0A-8C1EB95D73DE}.Release|Any CPU.Build.0 = Release|Any CPU
	EndGlobalSection
	GlobalSection(SolutionProperties) = preSolution
		HideSolutionNode = FALSE
	EndGlobalSection
	GlobalSection(ExtensibilityGlobals) = postSolution
		SolutionGuid = {A06A80CF-04B5-4526-9E6D-DE8A7D6CC361}
	EndGlobalSection
EndGlobal
